Microsoft Visual Studio Solution File, Format Version 12.00
# Visual Studio Version 17
VisualStudioVersion = 17.5.2.0
MinimumVisualStudioVersion = 10.0.40219.1
Project("{FAE04EC0-301F-11D3-BF4B-00C04F79EFBC}") = "Water-reminder", "Water-reminder.csproj", "{FFF17A41-2957-97B5-1831-6186D99B927B}"
EndProject
Global
	GlobalSection(SolutionConfigurationPlatforms) = preSolution
		Debug|Any CPU = Debug|Any CPU
		Release|Any CPU = Release|Any CPU
	EndGlobalSection
	GlobalSection(ProjectConfigurationPlatforms) = postSolution
		{FFF17A41-2957-97B5-1831-6186D99B927B}.Debug|Any CPU.ActiveCfg = Debug|Any CPU
		{FFF17A41-2957-97B5-1831-6186D99B927B}.Debug|Any CPU.Build.0 = Debug|Any CPU
		{FFF17A41-2957-97B5-1831-6186D99B927B}.Release|Any CPU.ActiveCfg = Release|Any CPU
		{FFF17A41-2957-97B5-1831-6186D99B927B}.Release|Any CPU.Build.0 = Release|Any CPU
	EndGlobalSection
	GlobalSection(SolutionProperties) = preSolution
		HideSolutionNode = FALSE
	EndGlobalSection
	GlobalSection(ExtensibilityGlobals) = postSolution
		SolutionGuid = {7CA7330D-AC57-4F50-9ABC-361D7FA575C9}
	EndGlobalSection
EndGlobal
